
Microsoft Visual Studio Solution File, Format Version 12.00
# Visual Studio Version 16
VisualStudioVersion = 25.0.1706.4
MinimumVisualStudioVersion = 10.0.40219.1
Project("{FAE04EC0-301F-11D3-BF4B-00C04F79EFBC}") = "BlobEncryptionKeyVault", "BlobEncryptionKeyVault.csproj", "{145F75F4-FE4F-4BE6-86F2-BB9B3D0A418A}"
EndProject
Global
	GlobalSection(SolutionConfigurationPlatforms) = preSolution
		Debug|Any CPU = Debug|Any CPU
		Release|Any CPU = Release|Any CPU
	EndGlobalSection
	GlobalSection(ProjectConfigurationPlatforms) = postSolution
		{145F75F4-FE4F-4BE6-86F2-BB9B3D0A418A}.Debug|Any CPU.ActiveCfg = Debug|Any CPU
		{145F75F4-FE4F-4BE6-86F2-BB9B3D0A418A}.Debug|Any CPU.Build.0 = Debug|Any CPU
		{145F75F4-FE4F-4BE6-86F2-BB9B3D0A418A}.Release|Any CPU.ActiveCfg = Release|Any CPU
		{145F75F4-FE4F-4BE6-86F2-BB9B3D0A418A}.Release|Any CPU.Build.0 = Release|Any CPU
	EndGlobalSection
	GlobalSection(SolutionProperties) = preSolution
		HideSolutionNode = FALSE
	EndGlobalSection
	GlobalSection(ExtensibilityGlobals) = postSolution
		SolutionGuid = {D6A65FA3-A6F5-439D-B67D-E5898250154A}
	EndGlobalSection
EndGlobal
